
Microsoft Visual Studio Solution File, Format Version 12.00
# Visual Studio Version 17
VisualStudioVersion = 17.4.33205.214
MinimumVisualStudioVersion = 10.0.40219.1
Project("{FAE04EC0-301F-11D3-BF4B-00C04F79EFBC}") = "MediaConverter", "MediaConverter\MediaConverter.csproj", "{FC8DF1DA-8FA1-44A2-8A6E-CD231D76B553}"
EndProject
Global
	GlobalSection(SolutionConfigurationPlatforms) = preSolution
		Debug|Any CPU = Debug|Any CPU
		Release|Any CPU = Release|Any CPU
	EndGlobalSection
	GlobalSection(ProjectConfigurationPlatforms) = postSolution
		{FC8DF1DA-8FA1-44A2-8A6E-CD231D76B553}.Debug|Any CPU.ActiveCfg = Debug|Any CPU
		{FC8DF1DA-8FA1-44A2-8A6E-CD231D76B553}.Debug|Any CPU.Build.0 = Debug|Any CPU
		{FC8DF1DA-8FA1-44A2-8A6E-CD231D76B553}.Release|Any CPU.ActiveCfg = Release|Any CPU
		{FC8DF1DA-8FA1-44A2-8A6E-CD231D76B553}.Release|Any CPU.Build.0 = Release|Any CPU
	EndGlobalSection
	GlobalSection(SolutionProperties) = preSolution
		HideSolutionNode = FALSE
	EndGlobalSection
	GlobalSection(ExtensibilityGlobals) = postSolution
		SolutionGuid = {17A90EE7-F48F-40A6-9935-487DDCB23E17}
	EndGlobalSection
EndGlobal
